
Microsoft Visual Studio Solution File, Format Version 12.00
# Visual Studio Version 16
VisualStudioVersion = 16.0.30413.136
MinimumVisualStudioVersion = 10.0.40219.1
Project("{FAE04EC0-301F-11D3-BF4B-00C04F79EFBC}") = "Assembly-CSharp", "Assembly-CSharp.csproj", "{6DE9299B-CDBC-A805-BDCA-B8CD4DB7A1E1}"
EndProject
Project("{FAE04EC0-301F-11D3-BF4B-00C04F79EFBC}") = "SteamVR", "SteamVR.csproj", "{62B05F51-62BA-7504-CBB1-6722041C9986}"
EndProject
Project("{FAE04EC0-301F-11D3-BF4B-00C04F79EFBC}") = "Assembly-CSharp-firstpass", "Assembly-CSharp-firstpass.csproj", "{F84FFF52-0AE6-62FD-7FAC-35B0E1EE9291}"
EndProject
Project("{FAE04EC0-301F-11D3-BF4B-00C04F79EFBC}") = "SteamVR_Actions", "SteamVR_Actions.csproj", "{A51E3B2C-B1F4-0BC4-70C5-366974BC4622}"
EndProject
Project("{FAE04EC0-301F-11D3-BF4B-00C04F79EFBC}") = "SteamVR_Editor", "SteamVR_Editor.csproj", "{388087C1-47E0-0298-E7F0-3BDBC43ACB80}"
EndProject
Project("{FAE04EC0-301F-11D3-BF4B-00C04F79EFBC}") = "SteamVR_Input_Editor", "SteamVR_Input_Editor.csproj", "{52274F74-184D-8F28-B340-1894480C219C}"
EndProject
Project("{FAE04EC0-301F-11D3-BF4B-00C04F79EFBC}") = "Assembly-CSharp-Editor", "Assembly-CSharp-Editor.csproj", "{43D2BC63-4D35-CA3F-A748-2522B4C9D98C}"
EndProject
Project("{FAE04EC0-301F-11D3-BF4B-00C04F79EFBC}") = "SteamVR_Windows_EditorHelper", "SteamVR_Windows_EditorHelper.csproj", "{84A5FB33-CA72-7E66-F953-C49C15DF07FC}"
EndProject
Global
	GlobalSection(SolutionConfigurationPlatforms) = preSolution
		Debug|Any CPU = Debug|Any CPU
		Release|Any CPU = Release|Any CPU
	EndGlobalSection
	GlobalSection(ProjectConfigurationPlatforms) = postSolution
		{6DE9299B-CDBC-A805-BDCA-B8CD4DB7A1E1}.Debug|Any CPU.ActiveCfg = Debug|Any CPU
		{6DE9299B-CDBC-A805-BDCA-B8CD4DB7A1E1}.Debug|Any CPU.Build.0 = Debug|Any CPU
		{6DE9299B-CDBC-A805-BDCA-B8CD4DB7A1E1}.Release|Any CPU.ActiveCfg = Release|Any CPU
		{6DE9299B-CDBC-A805-BDCA-B8CD4DB7A1E1}.Release|Any CPU.Build.0 = Release|Any CPU
		{62B05F51-62BA-7504-CBB1-6722041C9986}.Debug|Any CPU.ActiveCfg = Debug|Any CPU
		{62B05F51-62BA-7504-CBB1-6722041C9986}.Debug|Any CPU.Build.0 = Debug|Any CPU
		{62B05F51-62BA-7504-CBB1-6722041C9986}.Release|Any CPU.ActiveCfg = Release|Any CPU
		{62B05F51-62BA-7504-CBB1-6722041C9986}.Release|Any CPU.Build.0 = Release|Any CPU
		{F84FFF52-0AE6-62FD-7FAC-35B0E1EE9291}.Debug|Any CPU.ActiveCfg = Debug|Any CPU
		{F84FFF52-0AE6-62FD-7FAC-35B0E1EE9291}.Debug|Any CPU.Build.0 = Debug|Any CPU
		{F84FFF52-0AE6-62FD-7FAC-35B0E1EE9291}.Release|Any CPU.ActiveCfg = Release|Any CPU
		{F84FFF52-0AE6-62FD-7FAC-35B0E1EE9291}.Release|Any CPU.Build.0 = Release|Any CPU
		{A51E3B2C-B1F4-0BC4-70C5-366974BC4622}.Debug|Any CPU.ActiveCfg = Debug|Any CPU
		{A51E3B2C-B1F4-0BC4-70C5-366974BC4622}.Debug|Any CPU.Build.0 = Debug|Any CPU
		{A51E3B2C-B1F4-0BC4-70C5-366974BC4622}.Release|Any CPU.ActiveCfg = Release|Any CPU
		{A51E3B2C-B1F4-0BC4-70C5-366974BC4622}.Release|Any CPU.Build.0 = Release|Any CPU
		{388087C1-47E0-0298-E7F0-3BDBC43ACB80}.Debug|Any CPU.ActiveCfg = Debug|Any CPU
		{388087C1-47E0-0298-E7F0-3BDBC43ACB80}.Debug|Any CPU.Build.0 = Debug|Any CPU
		{388087C1-47E0-0298-E7F0-3BDBC43ACB80}.Release|Any CPU.ActiveCfg = Release|Any CPU
		{388087C1-47E0-0298-E7F0-3BDBC43ACB80}.Release|Any CPU.Build.0 = Release|Any CPU
		{52274F74-184D-8F28-B340-1894480C219C}.Debug|Any CPU.ActiveCfg = Debug|Any CPU
		{52274F74-184D-8F28-B340-1894480C219C}.Debug|Any CPU.Build.0 = Debug|Any CPU
		{52274F74-184D-8F28-B340-1894480C219C}.Release|Any CPU.ActiveCfg = Release|Any CPU
		{52274F74-184D-8F28-B340-1894480C219C}.Release|Any CPU.Build.0 = Release|Any CPU
		{43D2BC63-4D35-CA3F-A748-2522B4C9D98C}.Debug|Any CPU.ActiveCfg = Debug|Any CPU
		{43D2BC63-4D35-CA3F-A748-2522B4C9D98C}.Debug|Any CPU.Build.0 = Debug|Any CPU
		{43D2BC63-4D35-CA3F-A748-2522B4C9D98C}.Release|Any CPU.ActiveCfg = Release|Any CPU
		{43D2BC63-4D35-CA3F-A748-2522B4C9D98C}.Release|Any CPU.Build.0 = Release|Any CPU
		{84A5FB33-CA72-7E66-F953-C49C15DF07FC}.Debug|Any CPU.ActiveCfg = Debug|Any CPU
		{84A5FB33-CA72-7E66-F953-C49C15DF07FC}.Debug|Any CPU.Build.0 = Debug|Any CPU
		{84A5FB33-CA72-7E66-F953-C49C15DF07FC}.Release|Any CPU.ActiveCfg = Release|Any CPU
		{84A5FB33-CA72-7E66-F953-C49C15DF07FC}.Release|Any CPU.Build.0 = Release|Any CPU
	EndGlobalSection
	GlobalSection(SolutionProperties) = preSolution
		HideSolutionNode = FALSE
	EndGlobalSection
	GlobalSection(ExtensibilityGlobals) = postSolution
		SolutionGuid = {14C15F36-DA60-40C5-9714-0A83A103B1AE}
	EndGlobalSection
EndGlobal
